
Microsoft Visual Studio Solution File, Format Version 12.00
# Visual Studio Version 17
VisualStudioVersion = 17.4.33205.214
MinimumVisualStudioVersion = 10.0.40219.1
Project("{FAE04EC0-301F-11D3-BF4B-00C04F79EFBC}") = "secao4Aula45Ex1", "secao4Aula45Ex1.csproj", "{DC81F6B0-B406-41FB-BAA3-0CE8575B9B25}"
EndProject
Global
	GlobalSection(SolutionConfigurationPlatforms) = preSolution
		Debug|Any CPU = Debug|Any CPU
		Release|Any CPU = Release|Any CPU
	EndGlobalSection
	GlobalSection(ProjectConfigurationPlatforms) = postSolution
		{DC81F6B0-B406-41FB-BAA3-0CE8575B9B25}.Debug|Any CPU.ActiveCfg = Debug|Any CPU
		{DC81F6B0-B406-41FB-BAA3-0CE8575B9B25}.Debug|Any CPU.Build.0 = Debug|Any CPU
		{DC81F6B0-B406-41FB-BAA3-0CE8575B9B25}.Release|Any CPU.ActiveCfg = Release|Any CPU
		{DC81F6B0-B406-41FB-BAA3-0CE8575B9B25}.Release|Any CPU.Build.0 = Release|Any CPU
	EndGlobalSection
	GlobalSection(SolutionProperties) = preSolution
		HideSolutionNode = FALSE
	EndGlobalSection
	GlobalSection(ExtensibilityGlobals) = postSolution
		SolutionGuid = {36C3F3C9-F4C1-483B-A43D-A043CCFB1C0A}
	EndGlobalSection
EndGlobal
